// !$*UTF8*$!
{
	archiveVersion = 1;
	classes = {
	};
	objectVersion = 46;
	objects = {

/* Begin PBXBuildFile section */
		3D1D30B91CEDAD6100846091 /* main.m in Sources */ = {isa = PBXBuildFile; fileRef = 3D1D30B81CEDAD6100846091 /* main.m */; };
		3D1D30BC1CEDAD6100846091 /* AppDelegate.m in Sources */ = {isa = PBXBuildFile; fileRef = 3D1D30BB1CEDAD6100846091 /* AppDelegate.m */; };
		3D1D30BF1CEDAD6100846091 /* ViewController.m in Sources */ = {isa = PBXBuildFile; fileRef = 3D1D30BE1CEDAD6100846091 /* ViewController.m */; };
		3D1D30C21CEDAD6100846091 /* Main.storyboard in Resources */ = {isa = PBXBuildFile; fileRef = 3D1D30C01CEDAD6100846091 /* Main.storyboard */; };
		3D1D30C41CEDAD6100846091 /* Assets.xcassets in Resources */ = {isa = PBXBuildFile; fileRef = 3D1D30C31CEDAD6100846091 /* Assets.xcassets */; };
		3D1D30C71CEDAD6100846091 /* LaunchScreen.storyboard in Resources */ = {isa = PBXBuildFile; fileRef = 3D1D30C51CEDAD6100846091 /* LaunchScreen.storyboard */; };
		3D1D30D21CEDAD6100846091 /* Ejercicio01Tests.m in Sources */ = {isa = PBXBuildFile; fileRef = 3D1D30D11CEDAD6100846091 /* Ejercicio01Tests.m */; };
		3D1D30DD1CEDAD6100846091 /* Ejercicio01UITests.m in Sources */ = {isa = PBXBuildFile; fileRef = 3D1D30DC1CEDAD6100846091 /* Ejercicio01UITests.m */; };
		3D1D30ED1CEDB25100846091 /* Persona.m in Sources */ = {isa = PBXBuildFile; fileRef = 3D1D30EC1CEDB25100846091 /* Persona.m */; };
/* End PBXBuildFile section */

/* Begin PBXContainerItemProxy section */
		3D1D30CE1CEDAD6100846091 /* PBXContainerItemProxy */ = {
			isa = PBXContainerItemProxy;
			containerPortal = 3D1D30AC1CEDAD6100846091 /* Project object */;
			proxyType = 1;
			remoteGlobalIDString = 3D1D30B31CEDAD6100846091;
			remoteInfo = Ejercicio01;
		};
		3D1D30D91CEDAD6100846091 /* PBXContainerItemProxy */ = {
			isa = PBXContainerItemProxy;
			containerPortal = 3D1D30AC1CEDAD6100846091 /* Project object */;
			proxyType = 1;
			remoteGlobalIDString = 3D1D30B31CEDAD6100846091;
			remoteInfo = Ejercicio01;
		};
/* End PBXContainerItemProxy section */

/* Begin PBXFileReference section */
		3D1D30B41CEDAD6100846091 /* Ejercicio01.app */ = {isa = PBXFileReference; explicitFileType = wrapper.application; includeInIndex = 0; path = Ejercicio01.app; sourceTree = BUILT_PRODUCTS_DIR; };
		3D1D30B81CEDAD6100846091 /* main.m */ = {isa = PBXFileReference; lastKnownFileType = sourcecode.c.objc; path = main.m; sourceTree = "<group>"; };
		3D1D30BA1CEDAD6100846091 /* AppDelegate.h */ = {isa = PBXFileReference; lastKnownFileType = sourcecode.c.h; path = AppDelegate.h; sourceTree = "<group>"; };
		3D1D30BB1CEDAD6100846091 /* AppDelegate.m */ = {isa = PBXFileReference; lastKnownFileType = sourcecode.c.objc; path = AppDelegate.m; sourceTree = "<group>"; };
		3D1D30BD1CEDAD6100846091 /* ViewController.h */ = {isa = PBXFileReference; lastKnownFileType = sourcecode.c.h; path = ViewController.h; sourceTree = "<group>"; };
		3D1D30BE1CEDAD6100846091 /* ViewController.m */ = {isa = PBXFileReference; lastKnownFileType = sourcecode.c.objc; path = ViewController.m; sourceTree = "<group>"; };
		3D1D30C11CEDAD6100846091 /* Base */ = {isa = PBXFileReference; lastKnownFileType = file.storyboard; name = Base; path = Base.lproj/Main.storyboard; sourceTree = "<group>"; };
		3D1D30C31CEDAD6100846091 /* Assets.xcassets */ = {isa = PBXFileReference; lastKnownFileType = folder.assetcatalog; path = Assets.xcassets; sourceTree = "<group>"; };
		3D1D30C61CEDAD6100846091 /* Base */ = {isa = PBXFileReference; lastKnownFileType = file.storyboard; name = Base; path = Base.lproj/LaunchScreen.storyboard; sourceTree = "<group>"; };
		3D1D30C81CEDAD6100846091 /* Info.plist */ = {isa = PBXFileReference; lastKnownFileType = text.plist.xml; path = Info.plist; sourceTree = "<group>"; };
		3D1D30CD1CEDAD6100846091 /* Ejercicio01Tests.xctest */ = {isa = PBXFileReference; explicitFileType = wrapper.cfbundle; includeInIndex = 0; path = Ejercicio01Tests.xctest; sourceTree = BUILT_PRODUCTS_DIR; };
		3D1D30D11CEDAD6100846091 /* Ejercicio01Tests.m */ = {isa = PBXFileReference; lastKnownFileType = sourcecode.c.objc; path = Ejercicio01Tests.m; sourceTree = "<group>"; };
		3D1D30D31CEDAD6100846091 /* Info.plist */ = {isa = PBXFileReference; lastKnownFileType = text.plist.xml; path = Info.plist; sourceTree = "<group>"; };
		3D1D30D81CEDAD6100846091 /* Ejercicio01UITests.xctest */ = {isa = PBXFileReference; explicitFileType = wrapper.cfbundle; includeInIndex = 0; path = Ejercicio01UITests.xctest; sourceTree = BUILT_PRODUCTS_DIR; };
		3D1D30DC1CEDAD6100846091 /* Ejercicio01UITests.m */ = {isa = PBXFileReference; lastKnownFileType = sourcecode.c.objc; path = Ejercicio01UITests.m; sourceTree = "<group>"; };
		3D1D30DE1CEDAD6100846091 /* Info.plist */ = {isa = PBXFileReference; lastKnownFileType = text.plist.xml; path = Info.plist; sourceTree = "<group>"; };
		3D1D30EB1CEDB25100846091 /* Persona.h */ = {isa = PBXFileReference; fileEncoding = 4; lastKnownFileType = sourcecode.c.h; path = Persona.h; sourceTree = "<group>"; };
		3D1D30EC1CEDB25100846091 /* Persona.m */ = {isa = PBXFileReference; fileEncoding = 4; lastKnownFileType = sourcecode.c.objc; path = Persona.m; sourceTree = "<group>"; };
		3D1D30EE1CEDB31300846091 /* Protocolo.h */ = {isa = PBXFileReference; fileEncoding = 4; lastKnownFileType = sourcecode.c.h; path = Protocolo.h; sourceTree = "<group>"; };
/* End PBXFileReference section */

/* Begin PBXFrameworksBuildPhase section */
		3D1D30B11CEDAD6100846091 /* Frameworks */ = {
			isa = PBXFrameworksBuildPhase;
			buildActionMask = 2147483647;
			files = (
			);
			runOnlyForDeploymentPostprocessing = 0;
		};
		3D1D30CA1CEDAD6100846091 /* Frameworks */ = {
			isa = PBXFrameworksBuildPhase;
			buildActionMask = 2147483647;
			files = (
			);
			runOnlyForDeploymentPostprocessing = 0;
		};
		3D1D30D51CEDAD6100846091 /* Frameworks */ = {
			isa = PBXFrameworksBuildPhase;
			buildActionMask = 2147483647;
			files = (
			);
			runOnlyForDeploymentPostprocessing = 0;
		};
/* End PBXFrameworksBuildPhase section */

/* Begin PBXGroup section */
		3D1D30AB1CEDAD6100846091 = {
			isa = PBXGroup;
			children = (
				3D1D30B61CEDAD6100846091 /* Ejercicio01 */,
				3D1D30D01CEDAD6100846091 /* Ejercicio01Tests */,
				3D1D30DB1CEDAD6100846091 /* Ejercicio01UITests */,
				3D1D30B51CEDAD6100846091 /* Products */,
			);
			sourceTree = "<group>";
		};
		3D1D30B51CEDAD6100846091 /* Products */ = {
			isa = PBXGroup;
			children = (
				3D1D30B41CEDAD6100846091 /* Ejercicio01.app */,
				3D1D30CD1CEDAD6100846091 /* Ejercicio01Tests.xctest */,
				3D1D30D81CEDAD6100846091 /* Ejercicio01UITests.xctest */,
			);
			name = Products;
			sourceTree = "<group>";
		};
		3D1D30B61CEDAD6100846091 /* Ejercicio01 */ = {
			isa = PBXGroup;
			children = (
				3D1D30EA1CEDB20100846091 /* clases */,
				3D1D30BA1CEDAD6100846091 /* AppDelegate.h */,
				3D1D30BB1CEDAD6100846091 /* AppDelegate.m */,
				3D1D30BD1CEDAD6100846091 /* ViewController.h */,
				3D1D30BE1CEDAD6100846091 /* ViewController.m */,
				3D1D30C01CEDAD6100846091 /* Main.storyboard */,
				3D1D30C31CEDAD6100846091 /* Assets.xcassets */,
				3D1D30C51CEDAD6100846091 /* LaunchScreen.storyboard */,
				3D1D30C81CEDAD6100846091 /* Info.plist */,
				3D1D30B71CEDAD6100846091 /* Supporting Files */,
			);
			path = Ejercicio01;
			sourceTree = "<group>";
		};
		3D1D30B71CEDAD6100846091 /* Supporting Files */ = {
			isa = PBXGroup;
			children = (
				3D1D30B81CEDAD6100846091 /* main.m */,
			);
			name = "Supporting Files";
			sourceTree = "<group>";
		};
		3D1D30D01CEDAD6100846091 /* Ejercicio01Tests */ = {
			isa = PBXGroup;
			children = (
				3D1D30D11CEDAD6100846091 /* Ejercicio01Tests.m */,
				3D1D30D31CEDAD6100846091 /* Info.plist */,
			);
			path = Ejercicio01Tests;
			sourceTree = "<group>";
		};
		3D1D30DB1CEDAD6100846091 /* Ejercicio01UITests */ = {
			isa = PBXGroup;
			children = (
				3D1D30DC1CEDAD6100846091 /* Ejercicio01UITests.m */,
				3D1D30DE1CEDAD6100846091 /* Info.plist */,
			);
			path = Ejercicio01UITests;
			sourceTree = "<group>";
		};
		3D1D30EA1CEDB20100846091 /* clases */ = {
			isa = PBXGroup;
			children = (
				3D1D30EB1CEDB25100846091 /* Persona.h */,
				3D1D30EC1CEDB25100846091 /* Persona.m */,
				3D1D30EE1CEDB31300846091 /* Protocolo.h */,
			);
			name = clases;
			sourceTree = "<group>";
		};
/* End PBXGroup section */

/* Begin PBXNativeTarget section */
		3D1D30B31CEDAD6100846091 /* Ejercicio01 */ = {
			isa = PBXNativeTarget;
			buildConfigurationList = 3D1D30E11CEDAD6100846091 /* Build configuration list for PBXNativeTarget "Ejercicio01" */;
			buildPhases = (
				3D1D30B01CEDAD6100846091 /* Sources */,
				3D1D30B11CEDAD6100846091 /* Frameworks */,
				3D1D30B21CEDAD6100846091 /* Resources */,
			);
			buildRules = (
			);
			dependencies = (
			);
			name = Ejercicio01;
			productName = Ejercicio01;
			productReference = 3D1D30B41CEDAD6100846091 /* Ejercicio01.app */;
			productType = "com.apple.product-type.application";
		};
		3D1D30CC1CEDAD6100846091 /* Ejercicio01Tests */ = {
			isa = PBXNativeTarget;
			buildConfigurationList = 3D1D30E41CEDAD6100846091 /* Build configuration list for PBXNativeTarget "Ejercicio01Tests" */;
			buildPhases = (
				3D1D30C91CEDAD6100846091 /* Sources */,
				3D1D30CA1CEDAD6100846091 /* Frameworks */,
				3D1D30CB1CEDAD6100846091 /* Resources */,
			);
			buildRules = (
			);
			dependencies = (
				3D1D30CF1CEDAD6100846091 /* PBXTargetDependency */,
			);
			name = Ejercicio01Tests;
			productName = Ejercicio01Tests;
			productReference = 3D1D30CD1CEDAD6100846091 /* Ejercicio01Tests.xctest */;
			productType = "com.apple.product-type.bundle.unit-test";
		};
		3D1D30D71CEDAD6100846091 /* Ejercicio01UITests */ = {
			isa = PBXNativeTarget;
			buildConfigurationList = 3D1D30E71CEDAD6100846091 /* Build configuration list for PBXNativeTarget "Ejercicio01UITests" */;
			buildPhases = (
				3D1D30D41CEDAD6100846091 /* Sources */,
				3D1D30D51CEDAD6100846091 /* Frameworks */,
				3D1D30D61CEDAD6100846091 /* Resources */,
			);
			buildRules = (
			);
			dependencies = (
				3D1D30DA1CEDAD6100846091 /* PBXTargetDependency */,
			);
			name = Ejercicio01UITests;
			productName = Ejercicio01UITests;
			productReference = 3D1D30D81CEDAD6100846091 /* Ejercicio01UITests.xctest */;
			productType = "com.apple.product-type.bundle.ui-testing";
		};
/* End PBXNativeTarget section */

/* Begin PBXProject section */
		3D1D30AC1CEDAD6100846091 /* Project object */ = {
			isa = PBXProject;
			attributes = {
				LastUpgradeCheck = 0730;
				ORGANIZATIONNAME = "Pablo Ezequiel Inchausti";
				TargetAttributes = {
					3D1D30B31CEDAD6100846091 = {
						CreatedOnToolsVersion = 7.3;
					};
					3D1D30CC1CEDAD6100846091 = {
						CreatedOnToolsVersion = 7.3;
						TestTargetID = 3D1D30B31CEDAD6100846091;
					};
					3D1D30D71CEDAD6100846091 = {
						CreatedOnToolsVersion = 7.3;
						TestTargetID = 3D1D30B31CEDAD6100846091;
					};
				};
			};
			buildConfigurationList = 3D1D30AF1CEDAD6100846091 /* Build configuration list for PBXProject "Ejercicio01" */;
			compatibilityVersion = "Xcode 3.2";
			developmentRegion = English;
			hasScannedForEncodings = 0;
			knownRegions = (
				en,
				Base,
			);
			mainGroup = 3D1D30AB1CEDAD6100846091;
			productRefGroup = 3D1D30B51CEDAD6100846091 /* Products */;
			projectDirPath = "";
			projectRoot = "";
			targets = (
				3D1D30B31CEDAD6100846091 /* Ejercicio01 */,
				3D1D30CC1CEDAD6100846091 /* Ejercicio01Tests */,
				3D1D30D71CEDAD6100846091 /* Ejercicio01UITests */,
			);
		};
/* End PBXProject section */

/* Begin PBXResourcesBuildPhase section */
		3D1D30B21CEDAD6100846091 /* Resources */ = {
			isa = PBXResourcesBuildPhase;
			buildActionMask = 2147483647;
			files = (
				3D1D30C71CEDAD6100846091 /* LaunchScreen.storyboard in Resources */,
				3D1D30C41CEDAD6100846091 /* Assets.xcassets in Resources */,
				3D1D30C21CEDAD6100846091 /* Main.storyboard in Resources */,
			);
			runOnlyForDeploymentPostprocessing = 0;
		};
		3D1D30CB1CEDAD6100846091 /* Resources */ = {
			isa = PBXResourcesBuildPhase;
			buildActionMask = 2147483647;
			files = (
			);
			runOnlyForDeploymentPostprocessing = 0;
		};
		3D1D30D61CEDAD6100846091 /* Resources */ = {
			isa = PBXResourcesBuildPhase;
			buildActionMask = 2147483647;
			files = (
			);
			runOnlyForDeploymentPostprocessing = 0;
		};
/* End PBXResourcesBuildPhase section */

/* Begin PBXSourcesBuildPhase section */
		3D1D30B01CEDAD6100846091 /* Sources */ = {
			isa = PBXSourcesBuildPhase;
			buildActionMask = 2147483647;
			files = (
				3D1D30ED1CEDB25100846091 /* Persona.m in Sources */,
				3D1D30BF1CEDAD6100846091 /* ViewController.m in Sources */,
				3D1D30BC1CEDAD6100846091 /* AppDelegate.m in Sources */,
				3D1D30B91CEDAD6100846091 /* main.m in Sources */,
			);
			runOnlyForDeploymentPostprocessing = 0;
		};
		3D1D30C91CEDAD6100846091 /* Sources */ = {
			isa = PBXSourcesBuildPhase;
			buildActionMask = 2147483647;
			files = (
				3D1D30D21CEDAD6100846091 /* Ejercicio01Tests.m in Sources */,
			);
			runOnlyForDeploymentPostprocessing = 0;
		};
		3D1D30D41CEDAD6100846091 /* Sources */ = {
			isa = PBXSourcesBuildPhase;
			buildActionMask = 2147483647;
			files = (
				3D1D30DD1CEDAD6100846091 /* Ejercicio01UITests.m in Sources */,
			);
			runOnlyForDeploymentPostprocessing = 0;
		};
/* End PBXSourcesBuildPhase section */

/* Begin PBXTargetDependency section */
		3D1D30CF1CEDAD6100846091 /* PBXTargetDependency */ = {
			isa = PBXTargetDependency;
			target = 3D1D30B31CEDAD6100846091 /* Ejercicio01 */;
			targetProxy = 3D1D30CE1CEDAD6100846091 /* PBXContainerItemProxy */;
		};
		3D1D30DA1CEDAD6100846091 /* PBXTargetDependency */ = {
			isa = PBXTargetDependency;
			target = 3D1D30B31CEDAD6100846091 /* Ejercicio01 */;
			targetProxy = 3D1D30D91CEDAD6100846091 /* PBXContainerItemProxy */;
		};
/* End PBXTargetDependency section */

/* Begin PBXVariantGroup section */
		3D1D30C01CEDAD6100846091 /* Main.storyboard */ = {
			isa = PBXVariantGroup;
			children = (
				3D1D30C11CEDAD6100846091 /* Base */,
			);
			name = Main.storyboard;
			sourceTree = "<group>";
		};
		3D1D30C51CEDAD6100846091 /* LaunchScreen.storyboard */ = {
			isa = PBXVariantGroup;
			children = (
				3D1D30C61CEDAD6100846091 /* Base */,
			);
			name = LaunchScreen.storyboard;
			sourceTree = "<group>";
		};
/* End PBXVariantGroup section */

/* Begin XCBuildConfiguration section */
		3D1D30DF1CEDAD6100846091 /* Debug */ = {
			isa = XCBuildConfiguration;
			buildSettings = {
				ALWAYS_SEARCH_USER_PATHS = NO;
				CLANG_ANALYZER_NONNULL = YES;
				CLANG_CXX_LANGUAGE_STANDARD = "gnu++0x";
				CLANG_CXX_LIBRARY = "libc++";
				CLANG_ENABLE_MODULES = YES;
				CLANG_ENABLE_OBJC_ARC = YES;
				CLANG_WARN_BOOL_CONVERSION = YES;
				CLANG_WARN_CONSTANT_CONVERSION = YES;
				CLANG_WARN_DIRECT_OBJC_ISA_USAGE = YES_ERROR;
				CLANG_WARN_EMPTY_BODY = YES;
				CLANG_WARN_ENUM_CONVERSION = YES;
				CLANG_WARN_INT_CONVERSION = YES;
				CLANG_WARN_OBJC_ROOT_CLASS = YES_ERROR;
				CLANG_WARN_UNREACHABLE_CODE = YES;
				CLANG_WARN__DUPLICATE_METHOD_MATCH = YES;
				"CODE_SIGN_IDENTITY[sdk=iphoneos*]" = "iPhone Developer";
				COPY_PHASE_STRIP = NO;
				DEBUG_INFORMATION_FORMAT = dwarf;
				ENABLE_STRICT_OBJC_MSGSEND = YES;
				ENABLE_TESTABILITY = YES;
				GCC_C_LANGUAGE_STANDARD = gnu99;
				GCC_DYNAMIC_NO_PIC = NO;
				GCC_NO_COMMON_BLOCKS = YES;
				GCC_OPTIMIZATION_LEVEL = 0;
				GCC_PREPROCESSOR_DEFINITIONS = (
					"DEBUG=1",
					"$(inherited)",
				);
				GCC_WARN_64_TO_32_BIT_CONVERSION = YES;
				GCC_WARN_ABOUT_RETURN_TYPE = YES_ERROR;
				GCC_WARN_UNDECLARED_SELECTOR = YES;
				GCC_WARN_UNINITIALIZED_AUTOS = YES_AGGRESSIVE;
				GCC_WARN_UNUSED_FUNCTION = YES;
				GCC_WARN_UNUSED_VARIABLE = YES;
				IPHONEOS_DEPLOYMENT_TARGET = 9.3;
				MTL_ENABLE_DEBUG_INFO = YES;
				ONLY_ACTIVE_ARCH = YES;
				SDKROOT = iphoneos;
			};
			name = Debug;
		};
		3D1D30E01CEDAD6100846091 /* Release */ = {
			isa = XCBuildConfiguration;
			buildSettings = {
				ALWAYS_SEARCH_USER_PATHS = NO;
				CLANG_ANALYZER_NONNULL = YES;
				CLANG_CXX_LANGUAGE_STANDARD = "gnu++0x";
				CLANG_CXX_LIBRARY = "libc++";
				CLANG_ENABLE_MODULES = YES;
				CLANG_ENABLE_OBJC_ARC = YES;
				CLANG_WARN_BOOL_CONVERSION = YES;
				CLANG_WARN_CONSTANT_CONVERSION = YES;
				CLANG_WARN_DIRECT_OBJC_ISA_USAGE = YES_ERROR;
				CLANG_WARN_EMPTY_BODY = YES;
				CLANG_WARN_ENUM_CONVERSION = YES;
				CLANG_WARN_INT_CONVERSION = YES;
				CLANG_WARN_OBJC_ROOT_CLASS = YES_ERROR;
				CLANG_WARN_UNREACHABLE_CODE = YES;
				CLANG_WARN__DUPLICATE_METHOD_MATCH = YES;
				"CODE_SIGN_IDENTITY[sdk=iphoneos*]" = "iPhone Developer";
				COPY_PHASE_STRIP = NO;
				DEBUG_INFORMATION_FORMAT = "dwarf-with-dsym";
				ENABLE_NS_ASSERTIONS = NO;
				ENABLE_STRICT_OBJC_MSGSEND = YES;
				GCC_C_LANGUAGE_STANDARD = gnu99;
				GCC_NO_COMMON_BLOCKS = YES;
				GCC_WARN_64_TO_32_BIT_CONVERSION = YES;
				GCC_WARN_ABOUT_RETURN_TYPE = YES_ERROR;
				GCC_WARN_UNDECLARED_SELECTOR = YES;
				GCC_WARN_UNINITIALIZED_AUTOS = YES_AGGRESSIVE;
				GCC_WARN_UNUSED_FUNCTION = YES;
				GCC_WARN_UNUSED_VARIABLE = YES;
				IPHONEOS_DEPLOYMENT_TARGET = 9.3;
				MTL_ENABLE_DEBUG_INFO = NO;
				SDKROOT = iphoneos;
				VALIDATE_PRODUCT = YES;
			};
			name = Release;
		};
		3D1D30E21CEDAD6100846091 /* Debug */ = {
			isa = XCBuildConfiguration;
			buildSettings = {
				ASSETCATALOG_COMPILER_APPICON_NAME = AppIcon;
				INFOPLIST_FILE = Ejercicio01/Info.plist;
				LD_RUNPATH_SEARCH_PATHS = "$(inherited) @executable_path/Frameworks";
				PRODUCT_BUNDLE_IDENTIFIER = ar.com.pabloinchausti.Ejercicio01;
				PRODUCT_NAME = "$(TARGET_NAME)";
			};
			name = Debug;
		};
		3D1D30E31CEDAD6100846091 /* Release */ = {
			isa = XCBuildConfiguration;
			buildSettings = {
				ASSETCATALOG_COMPILER_APPICON_NAME = AppIcon;
				INFOPLIST_FILE = Ejercicio01/Info.plist;
				LD_RUNPATH_SEARCH_PATHS = "$(inherited) @executable_path/Frameworks";
				PRODUCT_BUNDLE_IDENTIFIER = ar.com.pabloinchausti.Ejercicio01;
				PRODUCT_NAME = "$(TARGET_NAME)";
			};
			name = Release;
		};
		3D1D30E51CEDAD6100846091 /* Debug */ = {
			isa = XCBuildConfiguration;
			buildSettings = {
				BUNDLE_LOADER = "$(TEST_HOST)";
				INFOPLIST_FILE = Ejercicio01Tests/Info.plist;
				LD_RUNPATH_SEARCH_PATHS = "$(inherited) @executable_path/Frameworks @loader_path/Frameworks";
				PRODUCT_BUNDLE_IDENTIFIER = ar.com.pabloinchausti.Ejercicio01Tests;
				PRODUCT_NAME = "$(TARGET_NAME)";
				TEST_HOST = "$(BUILT_PRODUCTS_DIR)/Ejercicio01.app/Ejercicio01";
			};
			name = Debug;
		};
		3D1D30E61CEDAD6100846091 /* Release */ = {
			isa = XCBuildConfiguration;
			buildSettings = {
				BUNDLE_LOADER = "$(TEST_HOST)";
				INFOPLIST_FILE = Ejercicio01Tests/Info.plist;
				LD_RUNPATH_SEARCH_PATHS = "$(inherited) @executable_path/Frameworks @loader_path/Frameworks";
				PRODUCT_BUNDLE_IDENTIFIER = ar.com.pabloinchausti.Ejercicio01Tests;
				PRODUCT_NAME = "$(TARGET_NAME)";
				TEST_HOST = "$(BUILT_PRODUCTS_DIR)/Ejercicio01.app/Ejercicio01";
			};
			name = Release;
		};
		3D1D30E81CEDAD6100846091 /* Debug */ = {
			isa = XCBuildConfiguration;
			buildSettings = {
				INFOPLIST_FILE = Ejercicio01UITests/Info.plist;
				LD_RUNPATH_SEARCH_PATHS = "$(inherited) @executable_path/Frameworks @loader_path/Frameworks";
				PRODUCT_BUNDLE_IDENTIFIER = ar.com.pabloinchausti.Ejercicio01UITests;
				PRODUCT_NAME = "$(TARGET_NAME)";
				TEST_TARGET_NAME = Ejercicio01;
			};
			name = Debug;
		};
		3D1D30E91CEDAD6100846091 /* Release */ = {
			isa = XCBuildConfiguration;
			buildSettings = {
				INFOPLIST_FILE = Ejercicio01UITests/Info.plist;
				LD_RUNPATH_SEARCH_PATHS = "$(inherited) @executable_path/Frameworks @loader_path/Frameworks";
				PRODUCT_BUNDLE_IDENTIFIER = ar.com.pabloinchausti.Ejercicio01UITests;
				PRODUCT_NAME = "$(TARGET_NAME)";
				TEST_TARGET_NAME = Ejercicio01;
			};
			name = Release;
		};
/* End XCBuildConfiguration section */

/* Begin XCConfigurationList section */
		3D1D30AF1CEDAD6100846091 /* Build configuration list for PBXProject "Ejercicio01" */ = {
			isa = XCConfigurationList;
			buildConfigurations = (
				3D1D30DF1CEDAD6100846091 /* Debug */,
				3D1D30E01CEDAD6100846091 /* Release */,
			);
			defaultConfigurationIsVisible = 0;
			defaultConfigurationName = Release;
		};
		3D1D30E11CEDAD6100846091 /* Build configuration list for PBXNativeTarget "Ejercicio01" */ = {
			isa = XCConfigurationList;
			buildConfigurations = (
				3D1D30E21CEDAD6100846091 /* Debug */,
				3D1D30E31CEDAD6100846091 /* Release */,
			);
			defaultConfigurationIsVisible = 0;
		};
		3D1D30E41CEDAD6100846091 /* Build configuration list for PBXNativeTarget "Ejercicio01Tests" */ = {
			isa = XCConfigurationList;
			buildConfigurations = (
				3D1D30E51CEDAD6100846091 /* Debug */,
				3D1D30E61CEDAD6100846091 /* Release */,
			);
			defaultConfigurationIsVisible = 0;
		};
		3D1D30E71CEDAD6100846091 /* Build configuration list for PBXNativeTarget "Ejercicio01UITests" */ = {
			isa = XCConfigurationList;
			buildConfigurations = (
				3D1D30E81CEDAD6100846091 /* Debug */,
				3D1D30E91CEDAD6100846091 /* Release */,
			);
			defaultConfigurationIsVisible = 0;
		};
/* End XCConfigurationList section */
	};
	rootObject = 3D1D30AC1CEDAD6100846091 /* Project object */;
}
